
Microsoft Visual Studio Solution File, Format Version 12.00
# Visual Studio Version 17
VisualStudioVersion = 17.9.34902.65
MinimumVisualStudioVersion = 10.0.40219.1
Project("{FAE04EC0-301F-11D3-BF4B-00C04F79EFBC}") = "Client-Server", "Client-Server\Client-Server.csproj", "{5EBC4B52-C61D-4B50-A42F-2B682807BDB9}"
EndProject
Project("{FAE04EC0-301F-11D3-BF4B-00C04F79EFBC}") = "Server", "Server\Server.csproj", "{FE0BC6D1-FC8C-4D0D-AE4C-CEC61A43ACFF}"
EndProject
Project("{FAE04EC0-301F-11D3-BF4B-00C04F79EFBC}") = "Client", "Client\Client.csproj", "{A5F8CD6B-718B-46A8-8E3D-DE4DBB0172B6}"
EndProject
Global
	GlobalSection(SolutionConfigurationPlatforms) = preSolution
		Debug|Any CPU = Debug|Any CPU
		Release|Any CPU = Release|Any CPU
	EndGlobalSection
	GlobalSection(ProjectConfigurationPlatforms) = postSolution
		{5EBC4B52-C61D-4B50-A42F-2B682807BDB9}.Debug|Any CPU.ActiveCfg = Debug|Any CPU
		{5EBC4B52-C61D-4B50-A42F-2B682807BDB9}.Debug|Any CPU.Build.0 = Debug|Any CPU
		{5EBC4B52-C61D-4B50-A42F-2B682807BDB9}.Release|Any CPU.ActiveCfg = Release|Any CPU
		{5EBC4B52-C61D-4B50-A42F-2B682807BDB9}.Release|Any CPU.Build.0 = Release|Any CPU
		{FE0BC6D1-FC8C-4D0D-AE4C-CEC61A43ACFF}.Debug|Any CPU.ActiveCfg = Debug|Any CPU
		{FE0BC6D1-FC8C-4D0D-AE4C-CEC61A43ACFF}.Debug|Any CPU.Build.0 = Debug|Any CPU
		{FE0BC6D1-FC8C-4D0D-AE4C-CEC61A43ACFF}.Release|Any CPU.ActiveCfg = Release|Any CPU
		{FE0BC6D1-FC8C-4D0D-AE4C-CEC61A43ACFF}.Release|Any CPU.Build.0 = Release|Any CPU
		{A5F8CD6B-718B-46A8-8E3D-DE4DBB0172B6}.Debug|Any CPU.ActiveCfg = Debug|Any CPU
		{A5F8CD6B-718B-46A8-8E3D-DE4DBB0172B6}.Debug|Any CPU.Build.0 = Debug|Any CPU
		{A5F8CD6B-718B-46A8-8E3D-DE4DBB0172B6}.Release|Any CPU.ActiveCfg = Release|Any CPU
		{A5F8CD6B-718B-46A8-8E3D-DE4DBB0172B6}.Release|Any CPU.Build.0 = Release|Any CPU
	EndGlobalSection
	GlobalSection(SolutionProperties) = preSolution
		HideSolutionNode = FALSE
	EndGlobalSection
	GlobalSection(ExtensibilityGlobals) = postSolution
		SolutionGuid = {AF8813E2-8F1C-4A2A-9477-BFFE096313A7}
	EndGlobalSection
EndGlobal
